github.com/google/uuid v1.3.0 h1:t6JiXgmwXMjEs8VusXIJk2BXHsn+wx8BZdTaoZ5fu7I=
github.com/google/uuid v1.3.0/go.mod h1:TIyPZe4MgqvfeYDBFedMoGGpEw/LqOeaOT+nhxU+yHo=
github.com/ipthomas/tukcnst v1.3.4 h1:oXxo2QrzTkAG8XoJLKyG16BVdzDodPCIy3g5KKf8utk=
github.com/ipthomas/tukcnst v1.3.4/go.mod h1:ciOdJbw8hryjilsWjN0vhtF3ZbSfEKUd7wfzU0IZ2X8=
github.com/ipthomas/tukcnst v1.3.6 h1:tOx8U/phZdsNBD9ulWYM2OjYFxisJTgAnldQspYr6wg=
github.com/ipthomas/tukcnst v1.3.6/go.mod h1:ciOdJbw8hryjilsWjN0vhtF3ZbSfEKUd7wfzU0IZ2X8=
github.com/ipthomas/tukutil v1.3.6 h1:w01ktQ3nioD1VUCiay7nYXxVNhf8W7KX8Nl0UTjKNow=
github.com/ipthomas/tukutil v1.3.6/go.mod h1:cgLt0kO9rA3cobp265FHdAYhDUAeeAE1VaJK2KMy28c=
github.com/ipthomas/tukutil v1.3.7 h1:thiBK8QYl2NU8clHuNaEUSqVZ2Aflb0rEZI3+mNiUn0=
github.com/ipthomas/tukutil v1.3.7/go.mod h1:fOnuj36dTQReAAgAORW0ulT8dA/CoiVW+qbHjbW6dPI=
github.com/ipthomas/tukutil v1.3.8 h1:B638EKGNuVekHT1aABI53lNTyVtMZXOJC7ouTpUI+to=
github.com/ipthomas/tukutil v1.3.8/go.mod h1:fOnuj36dTQReAAgAORW0ulT8dA/CoiVW+qbHjbW6dPI=
github.com/ipthomas/tukutil v1.3.9 h1:HXT4QvBTkgzqLGasLZ0TuUBWKz0fMX5QRtauv9Qiry0=
github.com/ipthomas/tukutil v1.3.9/go.mod h1:jFcgJ2+neQwVUWgP2ACVgCExi+XDeK7a4NRzMOFhGI8=
github.com/ipthomas/tukutil v1.3.10 h1:mf0ZQv+gv6BuxKqL7L+yjxhy5IYCGlOXAEvgQAq/Ko8=
github.com/ipthomas/tukutil v1.3.10/go.mod h1:jFcgJ2+neQwVUWgP2ACVgCExi+XDeK7a4NRzMOFhGI8=
