github.com/google/uuid v1.3.0 h1:t6JiXgmwXMjEs8VusXIJk2BXHsn+wx8BZdTaoZ5fu7I=
github.com/google/uuid v1.3.0/go.mod h1:TIyPZe4MgqvfeYDBFedMoGGpEw/LqOeaOT+nhxU+yHo=
github.com/ipthomas/tukcnst v1.3.7 h1:BWx8zL9FUpb0PEKkr23lbkVqjbWPoZDwQED9HVePAEo=
github.com/ipthomas/tukcnst v1.3.7/go.mod h1:ciOdJbw8hryjilsWjN0vhtF3ZbSfEKUd7wfzU0IZ2X8=
github.com/ipthomas/tukcnst v1.3.11 h1:2QDnaCWWxk11CrQ6bvuacAUPsWsUIjAEmMatqOfjFzw=
github.com/ipthomas/tukcnst v1.3.11/go.mod h1:ciOdJbw8hryjilsWjN0vhtF3ZbSfEKUd7wfzU0IZ2X8=
github.com/ipthomas/tukutil v1.3.11 h1:bnnkE/PkCuzyCsC5CMYCtvS5U3vXTLELlOqRWJCPAl0=
github.com/ipthomas/tukutil v1.3.11/go.mod h1:Fkq7opgHHFl3B9pU8aA+wnjiWdk5+6yulLb2sU4h8OA=
github.com/ipthomas/tukutil v1.3.12 h1:xAc9ZTkNxesJBLa9BhfcH3kDuYIFVJdsqLXgJXqTc64=
github.com/ipthomas/tukutil v1.3.12/go.mod h1:Fkq7opgHHFl3B9pU8aA+wnjiWdk5+6yulLb2sU4h8OA=
github.com/ipthomas/tukutil v1.3.13 h1:3EgRatbdC3YNehJamYbx5dIxUl/RrsUnPzAImFhHsZo=
github.com/ipthomas/tukutil v1.3.13/go.mod h1:8d/mKzuW2N/qeKFqA4YEYCSprlWu0zhltRx23QwmGQI=
