github.com/google/uuid v1.3.0 h1:t6JiXgmwXMjEs8VusXIJk2BXHsn+wx8BZdTaoZ5fu7I=
github.com/google/uuid v1.3.0/go.mod h1:TIyPZe4MgqvfeYDBFedMoGGpEw/LqOeaOT+nhxU+yHo=
github.com/ipthomas/tukcnst v1.3.3 h1:DCjCAAlCvAX0sWHv/SBPDuuvIV9YS7wnJrBkH4pt3zs=
github.com/ipthomas/tukcnst v1.3.3/go.mod h1:ciOdJbw8hryjilsWjN0vhtF3ZbSfEKUd7wfzU0IZ2X8=
github.com/ipthomas/tukutil v1.3.5 h1:9aycq15hOComgoqqtdjwDyVh0++6hyQGXdUFTVSDbTw=
github.com/ipthomas/tukutil v1.3.5/go.mod h1:cgLt0kO9rA3cobp265FHdAYhDUAeeAE1VaJK2KMy28c=
github.com/ipthomas/tukutil v1.3.6 h1:w01ktQ3nioD1VUCiay7nYXxVNhf8W7KX8Nl0UTjKNow=
github.com/ipthomas/tukutil v1.3.6/go.mod h1:cgLt0kO9rA3cobp265FHdAYhDUAeeAE1VaJK2KMy28c=
